// !$*UTF8*$!
{
	archiveVersion = 1;
	classes = {
	};
	objectVersion = 50;
	objects = {

/* Begin PBXBuildFile section */
		FBAF67772242D62B001153D0 /* TableViewControllerFiltros.swift in Sources */ = {isa = PBXBuildFile; fileRef = FBAF67762242D62B001153D0 /* TableViewControllerFiltros.swift */; };
		FBAF67792242E626001153D0 /* TableViewCellFiltro.swift in Sources */ = {isa = PBXBuildFile; fileRef = FBAF67782242E626001153D0 /* TableViewCellFiltro.swift */; };
		FBE7882B2241AE3A00EE5755 /* ViewControllerEventos.swift in Sources */ = {isa = PBXBuildFile; fileRef = FBE7882A2241AE3A00EE5755 /* ViewControllerEventos.swift */; };
		FBE7882D2241AE4700EE5755 /* ViewControllerFavoritos.swift in Sources */ = {isa = PBXBuildFile; fileRef = FBE7882C2241AE4700EE5755 /* ViewControllerFavoritos.swift */; };
		FBE7882F2241AE5600EE5755 /* ViewControllerDetalleEvento.swift in Sources */ = {isa = PBXBuildFile; fileRef = FBE7882E2241AE5600EE5755 /* ViewControllerDetalleEvento.swift */; };
		FBE788312241AE6500EE5755 /* ViewControllerFiltros.swift in Sources */ = {isa = PBXBuildFile; fileRef = FBE788302241AE6500EE5755 /* ViewControllerFiltros.swift */; };
		FBE788332241AF2C00EE5755 /* TableViewCellEvento.swift in Sources */ = {isa = PBXBuildFile; fileRef = FBE788322241AF2C00EE5755 /* TableViewCellEvento.swift */; };
		FBEC47662241A3C400784013 /* AppDelegate.swift in Sources */ = {isa = PBXBuildFile; fileRef = FBEC47652241A3C400784013 /* AppDelegate.swift */; };
		FBEC47682241A3C400784013 /* ViewController.swift in Sources */ = {isa = PBXBuildFile; fileRef = FBEC47672241A3C400784013 /* ViewController.swift */; };
		FBEC476B2241A3C400784013 /* Main.storyboard in Resources */ = {isa = PBXBuildFile; fileRef = FBEC47692241A3C400784013 /* Main.storyboard */; };
		FBEC476D2241A3C500784013 /* Assets.xcassets in Resources */ = {isa = PBXBuildFile; fileRef = FBEC476C2241A3C500784013 /* Assets.xcassets */; };
		FBEC47702241A3C500784013 /* LaunchScreen.storyboard in Resources */ = {isa = PBXBuildFile; fileRef = FBEC476E2241A3C500784013 /* LaunchScreen.storyboard */; };
/* End PBXBuildFile section */

/* Begin PBXFileReference section */
		FBAF67762242D62B001153D0 /* TableViewControllerFiltros.swift */ = {isa = PBXFileReference; lastKnownFileType = sourcecode.swift; path = TableViewControllerFiltros.swift; sourceTree = "<group>"; };
		FBAF67782242E626001153D0 /* TableViewCellFiltro.swift */ = {isa = PBXFileReference; lastKnownFileType = sourcecode.swift; path = TableViewCellFiltro.swift; sourceTree = "<group>"; };
		FBE7882A2241AE3A00EE5755 /* ViewControllerEventos.swift */ = {isa = PBXFileReference; lastKnownFileType = sourcecode.swift; path = ViewControllerEventos.swift; sourceTree = "<group>"; };
		FBE7882C2241AE4700EE5755 /* ViewControllerFavoritos.swift */ = {isa = PBXFileReference; lastKnownFileType = sourcecode.swift; path = ViewControllerFavoritos.swift; sourceTree = "<group>"; };
		FBE7882E2241AE5600EE5755 /* ViewControllerDetalleEvento.swift */ = {isa = PBXFileReference; lastKnownFileType = sourcecode.swift; path = ViewControllerDetalleEvento.swift; sourceTree = "<group>"; };
		FBE788302241AE6500EE5755 /* ViewControllerFiltros.swift */ = {isa = PBXFileReference; lastKnownFileType = sourcecode.swift; path = ViewControllerFiltros.swift; sourceTree = "<group>"; };
		FBE788322241AF2C00EE5755 /* TableViewCellEvento.swift */ = {isa = PBXFileReference; lastKnownFileType = sourcecode.swift; path = TableViewCellEvento.swift; sourceTree = "<group>"; };
		FBEC47622241A3C400784013 /* ForoInclusion2019.app */ = {isa = PBXFileReference; explicitFileType = wrapper.application; includeInIndex = 0; path = ForoInclusion2019.app; sourceTree = BUILT_PRODUCTS_DIR; };
		FBEC47652241A3C400784013 /* AppDelegate.swift */ = {isa = PBXFileReference; lastKnownFileType = sourcecode.swift; path = AppDelegate.swift; sourceTree = "<group>"; };
		FBEC47672241A3C400784013 /* ViewController.swift */ = {isa = PBXFileReference; lastKnownFileType = sourcecode.swift; path = ViewController.swift; sourceTree = "<group>"; };
		FBEC476A2241A3C400784013 /* Base */ = {isa = PBXFileReference; lastKnownFileType = file.storyboard; name = Base; path = Base.lproj/Main.storyboard; sourceTree = "<group>"; };
		FBEC476C2241A3C500784013 /* Assets.xcassets */ = {isa = PBXFileReference; lastKnownFileType = folder.assetcatalog; path = Assets.xcassets; sourceTree = "<group>"; };
		FBEC476F2241A3C500784013 /* Base */ = {isa = PBXFileReference; lastKnownFileType = file.storyboard; name = Base; path = Base.lproj/LaunchScreen.storyboard; sourceTree = "<group>"; };
		FBEC47712241A3C500784013 /* Info.plist */ = {isa = PBXFileReference; lastKnownFileType = text.plist.xml; path = Info.plist; sourceTree = "<group>"; };
/* End PBXFileReference section */

/* Begin PBXFrameworksBuildPhase section */
		FBEC475F2241A3C400784013 /* Frameworks */ = {
			isa = PBXFrameworksBuildPhase;
			buildActionMask = 2147483647;
			files = (
			);
			runOnlyForDeploymentPostprocessing = 0;
		};
/* End PBXFrameworksBuildPhase section */

/* Begin PBXGroup section */
		FBEC47592241A3C400784013 = {
			isa = PBXGroup;
			children = (
				FBEC47642241A3C400784013 /* ForoInclusion2019 */,
				FBEC47632241A3C400784013 /* Products */,
			);
			sourceTree = "<group>";
		};
		FBEC47632241A3C400784013 /* Products */ = {
			isa = PBXGroup;
			children = (
				FBEC47622241A3C400784013 /* ForoInclusion2019.app */,
			);
			name = Products;
			sourceTree = "<group>";
		};
		FBEC47642241A3C400784013 /* ForoInclusion2019 */ = {
			isa = PBXGroup;
			children = (
				FBEC47652241A3C400784013 /* AppDelegate.swift */,
				FBEC47672241A3C400784013 /* ViewController.swift */,
				FBEC47692241A3C400784013 /* Main.storyboard */,
				FBAF67782242E626001153D0 /* TableViewCellFiltro.swift */,
				FBAF67762242D62B001153D0 /* TableViewControllerFiltros.swift */,
				FBE788322241AF2C00EE5755 /* TableViewCellEvento.swift */,
				FBE7882A2241AE3A00EE5755 /* ViewControllerEventos.swift */,
				FBE7882C2241AE4700EE5755 /* ViewControllerFavoritos.swift */,
				FBE7882E2241AE5600EE5755 /* ViewControllerDetalleEvento.swift */,
				FBE788302241AE6500EE5755 /* ViewControllerFiltros.swift */,
				FBEC476C2241A3C500784013 /* Assets.xcassets */,
				FBEC476E2241A3C500784013 /* LaunchScreen.storyboard */,
				FBEC47712241A3C500784013 /* Info.plist */,
			);
			path = ForoInclusion2019;
			sourceTree = "<group>";
		};
/* End PBXGroup section */

/* Begin PBXNativeTarget section */
		FBEC47612241A3C400784013 /* ForoInclusion2019 */ = {
			isa = PBXNativeTarget;
			buildConfigurationList = FBEC47742241A3C500784013 /* Build configuration list for PBXNativeTarget "ForoInclusion2019" */;
			buildPhases = (
				FBEC475E2241A3C400784013 /* Sources */,
				FBEC475F2241A3C400784013 /* Frameworks */,
				FBEC47602241A3C400784013 /* Resources */,
			);
			buildRules = (
			);
			dependencies = (
			);
			name = ForoInclusion2019;
			productName = ForoInclusion2019;
			productReference = FBEC47622241A3C400784013 /* ForoInclusion2019.app */;
			productType = "com.apple.product-type.application";
		};
/* End PBXNativeTarget section */

/* Begin PBXProject section */
		FBEC475A2241A3C400784013 /* Project object */ = {
			isa = PBXProject;
			attributes = {
				LastSwiftUpdateCheck = 1010;
				LastUpgradeCheck = 1010;
				ORGANIZATIONNAME = Alumno;
				TargetAttributes = {
					FBEC47612241A3C400784013 = {
						CreatedOnToolsVersion = 10.1;
					};
				};
			};
			buildConfigurationList = FBEC475D2241A3C400784013 /* Build configuration list for PBXProject "ForoInclusion2019" */;
			compatibilityVersion = "Xcode 9.3";
			developmentRegion = en;
			hasScannedForEncodings = 0;
			knownRegions = (
				en,
				Base,
			);
			mainGroup = FBEC47592241A3C400784013;
			productRefGroup = FBEC47632241A3C400784013 /* Products */;
			projectDirPath = "";
			projectRoot = "";
			targets = (
				FBEC47612241A3C400784013 /* ForoInclusion2019 */,
			);
		};
/* End PBXProject section */

/* Begin PBXResourcesBuildPhase section */
		FBEC47602241A3C400784013 /* Resources */ = {
			isa = PBXResourcesBuildPhase;
			buildActionMask = 2147483647;
			files = (
				FBEC47702241A3C500784013 /* LaunchScreen.storyboard in Resources */,
				FBEC476D2241A3C500784013 /* Assets.xcassets in Resources */,
				FBEC476B2241A3C400784013 /* Main.storyboard in Resources */,
			);
			runOnlyForDeploymentPostprocessing = 0;
		};
/* End PBXResourcesBuildPhase section */

/* Begin PBXSourcesBuildPhase section */
		FBEC475E2241A3C400784013 /* Sources */ = {
			isa = PBXSourcesBuildPhase;
			buildActionMask = 2147483647;
			files = (
				FBE788312241AE6500EE5755 /* ViewControllerFiltros.swift in Sources */,
				FBE7882D2241AE4700EE5755 /* ViewControllerFavoritos.swift in Sources */,
				FBAF67772242D62B001153D0 /* TableViewControllerFiltros.swift in Sources */,
				FBAF67792242E626001153D0 /* TableViewCellFiltro.swift in Sources */,
				FBE7882F2241AE5600EE5755 /* ViewControllerDetalleEvento.swift in Sources */,
				FBE788332241AF2C00EE5755 /* TableViewCellEvento.swift in Sources */,
				FBEC47682241A3C400784013 /* ViewController.swift in Sources */,
				FBEC47662241A3C400784013 /* AppDelegate.swift in Sources */,
				FBE7882B2241AE3A00EE5755 /* ViewControllerEventos.swift in Sources */,
			);
			runOnlyForDeploymentPostprocessing = 0;
		};
/* End PBXSourcesBuildPhase section */

/* Begin PBXVariantGroup section */
		FBEC47692241A3C400784013 /* Main.storyboard */ = {
			isa = PBXVariantGroup;
			children = (
				FBEC476A2241A3C400784013 /* Base */,
			);
			name = Main.storyboard;
			sourceTree = "<group>";
		};
		FBEC476E2241A3C500784013 /* LaunchScreen.storyboard */ = {
			isa = PBXVariantGroup;
			children = (
				FBEC476F2241A3C500784013 /* Base */,
			);
			name = LaunchScreen.storyboard;
			sourceTree = "<group>";
		};
/* End PBXVariantGroup section */

/* Begin XCBuildConfiguration section */
		FBEC47722241A3C500784013 /* Debug */ = {
			isa = XCBuildConfiguration;
			buildSettings = {
				ALWAYS_SEARCH_USER_PATHS = NO;
				CLANG_ANALYZER_NONNULL = YES;
				CLANG_ANALYZER_NUMBER_OBJECT_CONVERSION = YES_AGGRESSIVE;
				CLANG_CXX_LANGUAGE_STANDARD = "gnu++14";
				CLANG_CXX_LIBRARY = "libc++";
				CLANG_ENABLE_MODULES = YES;
				CLANG_ENABLE_OBJC_ARC = YES;
				CLANG_ENABLE_OBJC_WEAK = YES;
				CLANG_WARN_BLOCK_CAPTURE_AUTORELEASING = YES;
				CLANG_WARN_BOOL_CONVERSION = YES;
				CLANG_WARN_COMMA = YES;
				CLANG_WARN_CONSTANT_CONVERSION = YES;
				CLANG_WARN_DEPRECATED_OBJC_IMPLEMENTATIONS = YES;
				CLANG_WARN_DIRECT_OBJC_ISA_USAGE = YES_ERROR;
				CLANG_WARN_DOCUMENTATION_COMMENTS = YES;
				CLANG_WARN_EMPTY_BODY = YES;
				CLANG_WARN_ENUM_CONVERSION = YES;
				CLANG_WARN_INFINITE_RECURSION = YES;
				CLANG_WARN_INT_CONVERSION = YES;
				CLANG_WARN_NON_LITERAL_NULL_CONVERSION = YES;
				CLANG_WARN_OBJC_IMPLICIT_RETAIN_SELF = YES;
				CLANG_WARN_OBJC_LITERAL_CONVERSION = YES;
				CLANG_WARN_OBJC_ROOT_CLASS = YES_ERROR;
				CLANG_WARN_RANGE_LOOP_ANALYSIS = YES;
				CLANG_WARN_STRICT_PROTOTYPES = YES;
				CLANG_WARN_SUSPICIOUS_MOVE = YES;
				CLANG_WARN_UNGUARDED_AVAILABILITY = YES_AGGRESSIVE;
				CLANG_WARN_UNREACHABLE_CODE = YES;
				CLANG_WARN__DUPLICATE_METHOD_MATCH = YES;
				CODE_SIGN_IDENTITY = "iPhone Developer";
				COPY_PHASE_STRIP = NO;
				DEBUG_INFORMATION_FORMAT = dwarf;
				ENABLE_STRICT_OBJC_MSGSEND = YES;
				ENABLE_TESTABILITY = YES;
				GCC_C_LANGUAGE_STANDARD = gnu11;
				GCC_DYNAMIC_NO_PIC = NO;
				GCC_NO_COMMON_BLOCKS = YES;
				GCC_OPTIMIZATION_LEVEL = 0;
				GCC_PREPROCESSOR_DEFINITIONS = (
					"DEBUG=1",
					"$(inherited)",
				);
				GCC_WARN_64_TO_32_BIT_CONVERSION = YES;
				GCC_WARN_ABOUT_RETURN_TYPE = YES_ERROR;
				GCC_WARN_UNDECLARED_SELECTOR = YES;
				GCC_WARN_UNINITIALIZED_AUTOS = YES_AGGRESSIVE;
				GCC_WARN_UNUSED_FUNCTION = YES;
				GCC_WARN_UNUSED_VARIABLE = YES;
				IPHONEOS_DEPLOYMENT_TARGET = 12.1;
				MTL_ENABLE_DEBUG_INFO = INCLUDE_SOURCE;
				MTL_FAST_MATH = YES;
				ONLY_ACTIVE_ARCH = YES;
				SDKROOT = iphoneos;
				SWIFT_ACTIVE_COMPILATION_CONDITIONS = DEBUG;
				SWIFT_OPTIMIZATION_LEVEL = "-Onone";
			};
			name = Debug;
		};
		FBEC47732241A3C500784013 /* Release */ = {
			isa = XCBuildConfiguration;
			buildSettings = {
				ALWAYS_SEARCH_USER_PATHS = NO;
				CLANG_ANALYZER_NONNULL = YES;
				CLANG_ANALYZER_NUMBER_OBJECT_CONVERSION = YES_AGGRESSIVE;
				CLANG_CXX_LANGUAGE_STANDARD = "gnu++14";
				CLANG_CXX_LIBRARY = "libc++";
				CLANG_ENABLE_MODULES = YES;
				CLANG_ENABLE_OBJC_ARC = YES;
				CLANG_ENABLE_OBJC_WEAK = YES;
				CLANG_WARN_BLOCK_CAPTURE_AUTORELEASING = YES;
				CLANG_WARN_BOOL_CONVERSION = YES;
				CLANG_WARN_COMMA = YES;
				CLANG_WARN_CONSTANT_CONVERSION = YES;
				CLANG_WARN_DEPRECATED_OBJC_IMPLEMENTATIONS = YES;
				CLANG_WARN_DIRECT_OBJC_ISA_USAGE = YES_ERROR;
				CLANG_WARN_DOCUMENTATION_COMMENTS = YES;
				CLANG_WARN_EMPTY_BODY = YES;
				CLANG_WARN_ENUM_CONVERSION = YES;
				CLANG_WARN_INFINITE_RECURSION = YES;
				CLANG_WARN_INT_CONVERSION = YES;
				CLANG_WARN_NON_LITERAL_NULL_CONVERSION = YES;
				CLANG_WARN_OBJC_IMPLICIT_RETAIN_SELF = YES;
				CLANG_WARN_OBJC_LITERAL_CONVERSION = YES;
				CLANG_WARN_OBJC_ROOT_CLASS = YES_ERROR;
				CLANG_WARN_RANGE_LOOP_ANALYSIS = YES;
				CLANG_WARN_STRICT_PROTOTYPES = YES;
				CLANG_WARN_SUSPICIOUS_MOVE = YES;
				CLANG_WARN_UNGUARDED_AVAILABILITY = YES_AGGRESSIVE;
				CLANG_WARN_UNREACHABLE_CODE = YES;
				CLANG_WARN__DUPLICATE_METHOD_MATCH = YES;
				CODE_SIGN_IDENTITY = "iPhone Developer";
				COPY_PHASE_STRIP = NO;
				DEBUG_INFORMATION_FORMAT = "dwarf-with-dsym";
				ENABLE_NS_ASSERTIONS = NO;
				ENABLE_STRICT_OBJC_MSGSEND = YES;
				GCC_C_LANGUAGE_STANDARD = gnu11;
				GCC_NO_COMMON_BLOCKS = YES;
				GCC_WARN_64_TO_32_BIT_CONVERSION = YES;
				GCC_WARN_ABOUT_RETURN_TYPE = YES_ERROR;
				GCC_WARN_UNDECLARED_SELECTOR = YES;
				GCC_WARN_UNINITIALIZED_AUTOS = YES_AGGRESSIVE;
				GCC_WARN_UNUSED_FUNCTION = YES;
				GCC_WARN_UNUSED_VARIABLE = YES;
				IPHONEOS_DEPLOYMENT_TARGET = 12.1;
				MTL_ENABLE_DEBUG_INFO = NO;
				MTL_FAST_MATH = YES;
				SDKROOT = iphoneos;
				SWIFT_COMPILATION_MODE = wholemodule;
				SWIFT_OPTIMIZATION_LEVEL = "-O";
				VALIDATE_PRODUCT = YES;
			};
			name = Release;
		};
		FBEC47752241A3C500784013 /* Debug */ = {
			isa = XCBuildConfiguration;
			buildSettings = {
				ASSETCATALOG_COMPILER_APPICON_NAME = AppIcon;
				CODE_SIGN_STYLE = Automatic;
				INFOPLIST_FILE = ForoInclusion2019/Info.plist;
				LD_RUNPATH_SEARCH_PATHS = (
					"$(inherited)",
					"@executable_path/Frameworks",
				);
				PRODUCT_BUNDLE_IDENTIFIER = ITESM.ForoInclusion2019;
				PRODUCT_NAME = "$(TARGET_NAME)";
				SWIFT_VERSION = 4.2;
				TARGETED_DEVICE_FAMILY = "1,2";
			};
			name = Debug;
		};
		FBEC47762241A3C500784013 /* Release */ = {
			isa = XCBuildConfiguration;
			buildSettings = {
				ASSETCATALOG_COMPILER_APPICON_NAME = AppIcon;
				CODE_SIGN_STYLE = Automatic;
				INFOPLIST_FILE = ForoInclusion2019/Info.plist;
				LD_RUNPATH_SEARCH_PATHS = (
					"$(inherited)",
					"@executable_path/Frameworks",
				);
				PRODUCT_BUNDLE_IDENTIFIER = ITESM.ForoInclusion2019;
				PRODUCT_NAME = "$(TARGET_NAME)";
				SWIFT_VERSION = 4.2;
				TARGETED_DEVICE_FAMILY = "1,2";
			};
			name = Release;
		};
/* End XCBuildConfiguration section */

/* Begin XCConfigurationList section */
		FBEC475D2241A3C400784013 /* Build configuration list for PBXProject "ForoInclusion2019" */ = {
			isa = XCConfigurationList;
			buildConfigurations = (
				FBEC47722241A3C500784013 /* Debug */,
				FBEC47732241A3C500784013 /* Release */,
			);
			defaultConfigurationIsVisible = 0;
			defaultConfigurationName = Release;
		};
		FBEC47742241A3C500784013 /* Build configuration list for PBXNativeTarget "ForoInclusion2019" */ = {
			isa = XCConfigurationList;
			buildConfigurations = (
				FBEC47752241A3C500784013 /* Debug */,
				FBEC47762241A3C500784013 /* Release */,
			);
			defaultConfigurationIsVisible = 0;
			defaultConfigurationName = Release;
		};
/* End XCConfigurationList section */
	};
	rootObject = FBEC475A2241A3C400784013 /* Project object */;
}
